// !$*UTF8*$!
{
	archiveVersion = 1;
	classes = {
	};
	objectVersion = 46;
	objects = {

/* Begin PBXBuildFile section */
		8A8FEDC31CCFC7A600A8EDF9 /* NavCollectionViewController.m in Sources */ = {isa = PBXBuildFile; fileRef = 8A8FEDC21CCFC7A600A8EDF9 /* NavCollectionViewController.m */; };
		8AF872481CCE442E000DC6A5 /* main.m in Sources */ = {isa = PBXBuildFile; fileRef = 8AF872471CCE442E000DC6A5 /* main.m */; };
		8AF8724B1CCE442E000DC6A5 /* AppDelegate.m in Sources */ = {isa = PBXBuildFile; fileRef = 8AF8724A1CCE442E000DC6A5 /* AppDelegate.m */; };
		8AF8724E1CCE442E000DC6A5 /* ViewController.m in Sources */ = {isa = PBXBuildFile; fileRef = 8AF8724D1CCE442E000DC6A5 /* ViewController.m */; };
		8AF872511CCE442E000DC6A5 /* Main.storyboard in Resources */ = {isa = PBXBuildFile; fileRef = 8AF8724F1CCE442E000DC6A5 /* Main.storyboard */; };
		8AF872531CCE442E000DC6A5 /* Assets.xcassets in Resources */ = {isa = PBXBuildFile; fileRef = 8AF872521CCE442E000DC6A5 /* Assets.xcassets */; };
		8AF872561CCE442E000DC6A5 /* LaunchScreen.storyboard in Resources */ = {isa = PBXBuildFile; fileRef = 8AF872541CCE442E000DC6A5 /* LaunchScreen.storyboard */; };
/* End PBXBuildFile section */

/* Begin PBXFileReference section */
		8A8FEDC11CCFC7A600A8EDF9 /* NavCollectionViewController.h */ = {isa = PBXFileReference; fileEncoding = 4; lastKnownFileType = sourcecode.c.h; path = NavCollectionViewController.h; sourceTree = "<group>"; };
		8A8FEDC21CCFC7A600A8EDF9 /* NavCollectionViewController.m */ = {isa = PBXFileReference; fileEncoding = 4; lastKnownFileType = sourcecode.c.objc; path = NavCollectionViewController.m; sourceTree = "<group>"; };
		8AF872431CCE442E000DC6A5 /* HeNiShuoCollectionViewDemo.app */ = {isa = PBXFileReference; explicitFileType = wrapper.application; includeInIndex = 0; path = HeNiShuoCollectionViewDemo.app; sourceTree = BUILT_PRODUCTS_DIR; };
		8AF872471CCE442E000DC6A5 /* main.m */ = {isa = PBXFileReference; lastKnownFileType = sourcecode.c.objc; path = main.m; sourceTree = "<group>"; };
		8AF872491CCE442E000DC6A5 /* AppDelegate.h */ = {isa = PBXFileReference; lastKnownFileType = sourcecode.c.h; path = AppDelegate.h; sourceTree = "<group>"; };
		8AF8724A1CCE442E000DC6A5 /* AppDelegate.m */ = {isa = PBXFileReference; lastKnownFileType = sourcecode.c.objc; path = AppDelegate.m; sourceTree = "<group>"; };
		8AF8724C1CCE442E000DC6A5 /* ViewController.h */ = {isa = PBXFileReference; lastKnownFileType = sourcecode.c.h; path = ViewController.h; sourceTree = "<group>"; };
		8AF8724D1CCE442E000DC6A5 /* ViewController.m */ = {isa = PBXFileReference; lastKnownFileType = sourcecode.c.objc; path = ViewController.m; sourceTree = "<group>"; };
		8AF872501CCE442E000DC6A5 /* Base */ = {isa = PBXFileReference; lastKnownFileType = file.storyboard; name = Base; path = Base.lproj/Main.storyboard; sourceTree = "<group>"; };
		8AF872521CCE442E000DC6A5 /* Assets.xcassets */ = {isa = PBXFileReference; lastKnownFileType = folder.assetcatalog; path = Assets.xcassets; sourceTree = "<group>"; };
		8AF872551CCE442E000DC6A5 /* Base */ = {isa = PBXFileReference; lastKnownFileType = file.storyboard; name = Base; path = Base.lproj/LaunchScreen.storyboard; sourceTree = "<group>"; };
		8AF872571CCE442E000DC6A5 /* Info.plist */ = {isa = PBXFileReference; lastKnownFileType = text.plist.xml; path = Info.plist; sourceTree = "<group>"; };
/* End PBXFileReference section */

/* Begin PBXFrameworksBuildPhase section */
		8AF872401CCE442E000DC6A5 /* Frameworks */ = {
			isa = PBXFrameworksBuildPhase;
			buildActionMask = 2147483647;
			files = (
			);
			runOnlyForDeploymentPostprocessing = 0;
		};
/* End PBXFrameworksBuildPhase section */

/* Begin PBXGroup section */
		8A8FEDC01CCFC7A600A8EDF9 /* NavCollectionViewController */ = {
			isa = PBXGroup;
			children = (
				8A8FEDC11CCFC7A600A8EDF9 /* NavCollectionViewController.h */,
				8A8FEDC21CCFC7A600A8EDF9 /* NavCollectionViewController.m */,
			);
			path = NavCollectionViewController;
			sourceTree = "<group>";
		};
		8AF8723A1CCE442E000DC6A5 = {
			isa = PBXGroup;
			children = (
				8AF872451CCE442E000DC6A5 /* HeNiShuoCollectionViewDemo */,
				8AF872441CCE442E000DC6A5 /* Products */,
			);
			sourceTree = "<group>";
		};
		8AF872441CCE442E000DC6A5 /* Products */ = {
			isa = PBXGroup;
			children = (
				8AF872431CCE442E000DC6A5 /* HeNiShuoCollectionViewDemo.app */,
			);
			name = Products;
			sourceTree = "<group>";
		};
		8AF872451CCE442E000DC6A5 /* HeNiShuoCollectionViewDemo */ = {
			isa = PBXGroup;
			children = (
				8A8FEDC01CCFC7A600A8EDF9 /* NavCollectionViewController */,
				8AF872491CCE442E000DC6A5 /* AppDelegate.h */,
				8AF8724A1CCE442E000DC6A5 /* AppDelegate.m */,
				8AF8724C1CCE442E000DC6A5 /* ViewController.h */,
				8AF8724D1CCE442E000DC6A5 /* ViewController.m */,
				8AF8724F1CCE442E000DC6A5 /* Main.storyboard */,
				8AF872521CCE442E000DC6A5 /* Assets.xcassets */,
				8AF872541CCE442E000DC6A5 /* LaunchScreen.storyboard */,
				8AF872571CCE442E000DC6A5 /* Info.plist */,
				8AF872461CCE442E000DC6A5 /* Supporting Files */,
			);
			path = HeNiShuoCollectionViewDemo;
			sourceTree = "<group>";
		};
		8AF872461CCE442E000DC6A5 /* Supporting Files */ = {
			isa = PBXGroup;
			children = (
				8AF872471CCE442E000DC6A5 /* main.m */,
			);
			name = "Supporting Files";
			sourceTree = "<group>";
		};
/* End PBXGroup section */

/* Begin PBXNativeTarget section */
		8AF872421CCE442E000DC6A5 /* HeNiShuoCollectionViewDemo */ = {
			isa = PBXNativeTarget;
			buildConfigurationList = 8AF8725A1CCE442E000DC6A5 /* Build configuration list for PBXNativeTarget "HeNiShuoCollectionViewDemo" */;
			buildPhases = (
				8AF8723F1CCE442E000DC6A5 /* Sources */,
				8AF872401CCE442E000DC6A5 /* Frameworks */,
				8AF872411CCE442E000DC6A5 /* Resources */,
			);
			buildRules = (
			);
			dependencies = (
			);
			name = HeNiShuoCollectionViewDemo;
			productName = HeNiShuoCollectionViewDemo;
			productReference = 8AF872431CCE442E000DC6A5 /* HeNiShuoCollectionViewDemo.app */;
			productType = "com.apple.product-type.application";
		};
/* End PBXNativeTarget section */

/* Begin PBXProject section */
		8AF8723B1CCE442E000DC6A5 /* Project object */ = {
			isa = PBXProject;
			attributes = {
				LastUpgradeCheck = 0730;
				ORGANIZATIONNAME = hourunjing;
				TargetAttributes = {
					8AF872421CCE442E000DC6A5 = {
						CreatedOnToolsVersion = 7.3;
					};
				};
			};
			buildConfigurationList = 8AF8723E1CCE442E000DC6A5 /* Build configuration list for PBXProject "HeNiShuoCollectionViewDemo" */;
			compatibilityVersion = "Xcode 3.2";
			developmentRegion = English;
			hasScannedForEncodings = 0;
			knownRegions = (
				en,
				Base,
			);
			mainGroup = 8AF8723A1CCE442E000DC6A5;
			productRefGroup = 8AF872441CCE442E000DC6A5 /* Products */;
			projectDirPath = "";
			projectRoot = "";
			targets = (
				8AF872421CCE442E000DC6A5 /* HeNiShuoCollectionViewDemo */,
			);
		};
/* End PBXProject section */

/* Begin PBXResourcesBuildPhase section */
		8AF872411CCE442E000DC6A5 /* Resources */ = {
			isa = PBXResourcesBuildPhase;
			buildActionMask = 2147483647;
			files = (
				8AF872561CCE442E000DC6A5 /* LaunchScreen.storyboard in Resources */,
				8AF872531CCE442E000DC6A5 /* Assets.xcassets in Resources */,
				8AF872511CCE442E000DC6A5 /* Main.storyboard in Resources */,
			);
			runOnlyForDeploymentPostprocessing = 0;
		};
/* End PBXResourcesBuildPhase section */

/* Begin PBXSourcesBuildPhase section */
		8AF8723F1CCE442E000DC6A5 /* Sources */ = {
			isa = PBXSourcesBuildPhase;
			buildActionMask = 2147483647;
			files = (
				8AF8724E1CCE442E000DC6A5 /* ViewController.m in Sources */,
				8AF8724B1CCE442E000DC6A5 /* AppDelegate.m in Sources */,
				8A8FEDC31CCFC7A600A8EDF9 /* NavCollectionViewController.m in Sources */,
				8AF872481CCE442E000DC6A5 /* main.m in Sources */,
			);
			runOnlyForDeploymentPostprocessing = 0;
		};
/* End PBXSourcesBuildPhase section */

/* Begin PBXVariantGroup section */
		8AF8724F1CCE442E000DC6A5 /* Main.storyboard */ = {
			isa = PBXVariantGroup;
			children = (
				8AF872501CCE442E000DC6A5 /* Base */,
			);
			name = Main.storyboard;
			sourceTree = "<group>";
		};
		8AF872541CCE442E000DC6A5 /* LaunchScreen.storyboard */ = {
			isa = PBXVariantGroup;
			children = (
				8AF872551CCE442E000DC6A5 /* Base */,
			);
			name = LaunchScreen.storyboard;
			sourceTree = "<group>";
		};
/* End PBXVariantGroup section */

/* Begin XCBuildConfiguration section */
		8AF872581CCE442E000DC6A5 /* Debug */ = {
			isa = XCBuildConfiguration;
			buildSettings = {
				ALWAYS_SEARCH_USER_PATHS = NO;
				CLANG_ANALYZER_NONNULL = YES;
				CLANG_CXX_LANGUAGE_STANDARD = "gnu++0x";
				CLANG_CXX_LIBRARY = "libc++";
				CLANG_ENABLE_MODULES = YES;
				CLANG_ENABLE_OBJC_ARC = YES;
				CLANG_WARN_BOOL_CONVERSION = YES;
				CLANG_WARN_CONSTANT_CONVERSION = YES;
				CLANG_WARN_DIRECT_OBJC_ISA_USAGE = YES_ERROR;
				CLANG_WARN_EMPTY_BODY = YES;
				CLANG_WARN_ENUM_CONVERSION = YES;
				CLANG_WARN_INT_CONVERSION = YES;
				CLANG_WARN_OBJC_ROOT_CLASS = YES_ERROR;
				CLANG_WARN_UNREACHABLE_CODE = YES;
				CLANG_WARN__DUPLICATE_METHOD_MATCH = YES;
				"CODE_SIGN_IDENTITY[sdk=iphoneos*]" = "iPhone Developer";
				COPY_PHASE_STRIP = NO;
				DEBUG_INFORMATION_FORMAT = dwarf;
				ENABLE_STRICT_OBJC_MSGSEND = YES;
				ENABLE_TESTABILITY = YES;
				GCC_C_LANGUAGE_STANDARD = gnu99;
				GCC_DYNAMIC_NO_PIC = NO;
				GCC_NO_COMMON_BLOCKS = YES;
				GCC_OPTIMIZATION_LEVEL = 0;
				GCC_PREPROCESSOR_DEFINITIONS = (
					"DEBUG=1",
					"$(inherited)",
				);
				GCC_WARN_64_TO_32_BIT_CONVERSION = YES;
				GCC_WARN_ABOUT_RETURN_TYPE = YES_ERROR;
				GCC_WARN_UNDECLARED_SELECTOR = YES;
				GCC_WARN_UNINITIALIZED_AUTOS = YES_AGGRESSIVE;
				GCC_WARN_UNUSED_FUNCTION = YES;
				GCC_WARN_UNUSED_VARIABLE = YES;
				IPHONEOS_DEPLOYMENT_TARGET = 9.3;
				MTL_ENABLE_DEBUG_INFO = YES;
				ONLY_ACTIVE_ARCH = YES;
				SDKROOT = iphoneos;
			};
			name = Debug;
		};
		8AF872591CCE442E000DC6A5 /* Release */ = {
			isa = XCBuildConfiguration;
			buildSettings = {
				ALWAYS_SEARCH_USER_PATHS = NO;
				CLANG_ANALYZER_NONNULL = YES;
				CLANG_CXX_LANGUAGE_STANDARD = "gnu++0x";
				CLANG_CXX_LIBRARY = "libc++";
				CLANG_ENABLE_MODULES = YES;
				CLANG_ENABLE_OBJC_ARC = YES;
				CLANG_WARN_BOOL_CONVERSION = YES;
				CLANG_WARN_CONSTANT_CONVERSION = YES;
				CLANG_WARN_DIRECT_OBJC_ISA_USAGE = YES_ERROR;
				CLANG_WARN_EMPTY_BODY = YES;
				CLANG_WARN_ENUM_CONVERSION = YES;
				CLANG_WARN_INT_CONVERSION = YES;
				CLANG_WARN_OBJC_ROOT_CLASS = YES_ERROR;
				CLANG_WARN_UNREACHABLE_CODE = YES;
				CLANG_WARN__DUPLICATE_METHOD_MATCH = YES;
				"CODE_SIGN_IDENTITY[sdk=iphoneos*]" = "iPhone Developer";
				COPY_PHASE_STRIP = NO;
				DEBUG_INFORMATION_FORMAT = "dwarf-with-dsym";
				ENABLE_NS_ASSERTIONS = NO;
				ENABLE_STRICT_OBJC_MSGSEND = YES;
				GCC_C_LANGUAGE_STANDARD = gnu99;
				GCC_NO_COMMON_BLOCKS = YES;
				GCC_WARN_64_TO_32_BIT_CONVERSION = YES;
				GCC_WARN_ABOUT_RETURN_TYPE = YES_ERROR;
				GCC_WARN_UNDECLARED_SELECTOR = YES;
				GCC_WARN_UNINITIALIZED_AUTOS = YES_AGGRESSIVE;
				GCC_WARN_UNUSED_FUNCTION = YES;
				GCC_WARN_UNUSED_VARIABLE = YES;
				IPHONEOS_DEPLOYMENT_TARGET = 9.3;
				MTL_ENABLE_DEBUG_INFO = NO;
				SDKROOT = iphoneos;
				VALIDATE_PRODUCT = YES;
			};
			name = Release;
		};
		8AF8725B1CCE442E000DC6A5 /* Debug */ = {
			isa = XCBuildConfiguration;
			buildSettings = {
				ASSETCATALOG_COMPILER_APPICON_NAME = AppIcon;
				INFOPLIST_FILE = HeNiShuoCollectionViewDemo/Info.plist;
				LD_RUNPATH_SEARCH_PATHS = "$(inherited) @executable_path/Frameworks";
				PRODUCT_BUNDLE_IDENTIFIER = com.hbzshome.HeNiShuoCollectionViewDemo;
				PRODUCT_NAME = "$(TARGET_NAME)";
			};
			name = Debug;
		};
		8AF8725C1CCE442E000DC6A5 /* Release */ = {
			isa = XCBuildConfiguration;
			buildSettings = {
				ASSETCATALOG_COMPILER_APPICON_NAME = AppIcon;
				INFOPLIST_FILE = HeNiShuoCollectionViewDemo/Info.plist;
				LD_RUNPATH_SEARCH_PATHS = "$(inherited) @executable_path/Frameworks";
				PRODUCT_BUNDLE_IDENTIFIER = com.hbzshome.HeNiShuoCollectionViewDemo;
				PRODUCT_NAME = "$(TARGET_NAME)";
			};
			name = Release;
		};
/* End XCBuildConfiguration section */

/* Begin XCConfigurationList section */
		8AF8723E1CCE442E000DC6A5 /* Build configuration list for PBXProject "HeNiShuoCollectionViewDemo" */ = {
			isa = XCConfigurationList;
			buildConfigurations = (
				8AF872581CCE442E000DC6A5 /* Debug */,
				8AF872591CCE442E000DC6A5 /* Release */,
			);
			defaultConfigurationIsVisible = 0;
			defaultConfigurationName = Release;
		};
		8AF8725A1CCE442E000DC6A5 /* Build configuration list for PBXNativeTarget "HeNiShuoCollectionViewDemo" */ = {
			isa = XCConfigurationList;
			buildConfigurations = (
				8AF8725B1CCE442E000DC6A5 /* Debug */,
				8AF8725C1CCE442E000DC6A5 /* Release */,
			);
			defaultConfigurationIsVisible = 0;
			defaultConfigurationName = Release;
		};
/* End XCConfigurationList section */
	};
	rootObject = 8AF8723B1CCE442E000DC6A5 /* Project object */;
}
